
Microsoft Visual Studio Solution File, Format Version 12.00
# Visual Studio Version 16
VisualStudioVersion = 16.0.31321.278
MinimumVisualStudioVersion = 10.0.40219.1
Project("{FAE04EC0-301F-11D3-BF4B-00C04F79EFBC}") = "RestaurantManagementSystem", "RestaurantManagementSystem\RestaurantManagementSystem.csproj", "{A01B949F-0A8B-4FDA-995F-DB68C733FFCC}"
EndProject
Global
	GlobalSection(SolutionConfigurationPlatforms) = preSolution
		Debug|Any CPU = Debug|Any CPU
		Release|Any CPU = Release|Any CPU
	EndGlobalSection
	GlobalSection(ProjectConfigurationPlatforms) = postSolution
		{A01B949F-0A8B-4FDA-995F-DB68C733FFCC}.Debug|Any CPU.ActiveCfg = Debug|Any CPU
		{A01B949F-0A8B-4FDA-995F-DB68C733FFCC}.Debug|Any CPU.Build.0 = Debug|Any CPU
		{A01B949F-0A8B-4FDA-995F-DB68C733FFCC}.Release|Any CPU.ActiveCfg = Release|Any CPU
		{A01B949F-0A8B-4FDA-995F-DB68C733FFCC}.Release|Any CPU.Build.0 = Release|Any CPU
	EndGlobalSection
	GlobalSection(SolutionProperties) = preSolution
		HideSolutionNode = FALSE
	EndGlobalSection
	GlobalSection(ExtensibilityGlobals) = postSolution
		SolutionGuid = {3905A0EF-1539-42A0-B0D5-926050FC9689}
	EndGlobalSection
EndGlobal
